# This file is automatically @generated by Poetry 1.5.1 and should not be changed by hand.

[[package]]
name = "bomwater"
version = "0.0.8"
description = "A tool for requesting data from BoM Water Data service."
optional = false
python-versions = "*"
files = [
    {file = "bomwater-0.0.8-py3-none-any.whl", hash = "sha256:7a2f92282344d3009129078f4abf93a908ca44690778d9fc8b0a5f07923ad5f6"},
    {file = "bomwater-0.0.8.tar.gz", hash = "sha256:46da01b457ebe67eaec52a0d8bb080aa1531e425774600cfd7e2e7e0835d8b05"},
]

[package.dependencies]
geojson = "*"
iso8601 = "*"
json5 = "*"
pandas = "*"
pytz = "*"
requests = "*"
shapely = "*"
xmltodict = "*"

[[package]]
name = "cachetools"
version = "5.2.0"
description = "Extensible memoizing collections and decorators"
optional = false
python-versions = "~=3.7"
files = [
    {file = "cachetools-5.2.0-py3-none-any.whl", hash = "sha256:f9f17d2aec496a9aa6b76f53e3b614c965223c061982d434d160f930c698a9db"},
    {file = "cachetools-5.2.0.tar.gz", hash = "sha256:6a94c6402995a99c3970cc7e4884bb60b4a8639938157eeed436098bf9831757"},
]

[[package]]
name = "certifi"
version = "2024.7.4"
description = "Python package for providing Mozilla's CA Bundle."
optional = false
python-versions = ">=3.6"
files = [
    {file = "certifi-2024.7.4-py3-none-any.whl", hash = "sha256:c198e21b1289c2ab85ee4e67bb4b4ef3ead0892059901a8d5b622f24a1101e90"},
    {file = "certifi-2024.7.4.tar.gz", hash = "sha256:5a1e7645bc0ec61a09e26c36f6106dd4cf40c6db3a1fb6352b0244e7fb057c7b"},
]

[[package]]
name = "cftime"
version = "1.6.4"
description = "Time-handling functionality from netcdf4-python"
optional = false
python-versions = ">=3.8"
files = [
    {file = "cftime-1.6.4-cp310-cp310-macosx_10_9_x86_64.whl", hash = "sha256:ee70074df4bae0d9ee98f201cf5f11fd302791cf1cdeb73c34f685d6b632e17d"},
    {file = "cftime-1.6.4-cp310-cp310-macosx_11_0_arm64.whl", hash = "sha256:e5456fd58d4cc6b8d7b4932b749617ee142b62a52bc5d8e3c282ce69ce3a20ba"},
    {file = "cftime-1.6.4-cp310-cp310-manylinux_2_17_aarch64.manylinux2014_aarch64.whl", hash = "sha256:1289e08617be350a6b26c6e4352a0cb088625ac33d25e95110df549c26d6ab8e"},
    {file = "cftime-1.6.4-cp310-cp310-manylinux_2_17_x86_64.manylinux2014_x86_64.whl", hash = "sha256:18b132d9225b4a109929866200846c72302316db9069e2de3ec8d8ec377f567f"},
    {file = "cftime-1.6.4-cp310-cp310-musllinux_1_2_x86_64.whl", hash = "sha256:ca1a264570e68fbb611bba251641b8efd0cf88c0ad2dcab5fa784df264232b75"},
    {file = "cftime-1.6.4-cp310-cp310-win_amd64.whl", hash = "sha256:6fc82928cbf477bebf233f41914e64bff7b9e894c7f0c34170784a48250f8da7"},
    {file = "cftime-1.6.4-cp311-cp311-macosx_10_9_x86_64.whl", hash = "sha256:c1558d9b477bd29626cd8bfc89e736635f72887d1a993e2834ab579bba7abb8c"},
    {file = "cftime-1.6.4-cp311-cp311-macosx_11_0_arm64.whl", hash = "sha256:03494e7b66a2fbb6b04e364ab67185130dee0ced660abac5c1559070571d143d"},
    {file = "cftime-1.6.4-cp311-cp311-manylinux_2_17_aarch64.manylinux2014_aarch64.whl", hash = "sha256:4dcb2a01d4e614437582af33b36db4fb441b7666758482864827a1f037d2b639"},
    {file = "cftime-1.6.4-cp311-cp311-manylinux_2_17_x86_64.manylinux2014_x86_64.whl", hash = "sha256:0b47bf25195fb3889bbae34df0e80957eb69c48f66902f5d538c7a8ec34253f6"},
    {file = "cftime-1.6.4-cp311-cp311-musllinux_1_2_x86_64.whl", hash = "sha256:d4f2cc0d5c6ffba9c5b0fd1ecd0c7c1c426d0be7b8de1480e2a9fb857c1905e9"},
    {file = "cftime-1.6.4-cp311-cp311-win_amd64.whl", hash = "sha256:76b8f1e5d1e424accdf760a43e0a1793a7b640bab83cb067273d5c9dbb336c44"},
    {file = "cftime-1.6.4-cp312-cp312-macosx_10_9_x86_64.whl", hash = "sha256:3c349a91fa7ac9ec50118b04a8746bdea967bd2fc525d87c776003040b8d3392"},
    {file = "cftime-1.6.4-cp312-cp312-macosx_11_0_arm64.whl", hash = "sha256:588d073400798adc24ece759cd1cb24ef730f55d1f70e31a898e7686f9d763d8"},
    {file = "cftime-1.6.4-cp312-cp312-manylinux_2_17_aarch64.manylinux2014_aarch64.whl", hash = "sha256:6e07b91b488570573bbeb6f815656a8974d13d15b2279c82de2927f4f692bbcd"},
    {file = "cftime-1.6.4-cp312-cp312-manylinux_2_17_x86_64.manylinux2014_x86_64.whl", hash = "sha256:f92f2e405eeda47b30ab6231d8b7d136a55f21034d394f93ade322d356948654"},
    {file = "cftime-1.6.4-cp312-cp312-musllinux_1_2_x86_64.whl", hash = "sha256:567574df94d0de1101bb5da76e7fbc6eabfddeeb2eb8cf83286b3599a136bbf7"},
    {file = "cftime-1.6.4-cp312-cp312-win_amd64.whl", hash = "sha256:5b5ad7559a16bedadb66af8e417b6805f758acb57aa38d2730844dfc63a1e667"},
    {file = "cftime-1.6.4-cp38-cp38-macosx_10_9_x86_64.whl", hash = "sha256:c072fe9e09925af66a9473edf5752ca1890ba752e7c1935d1f0245ad48f0977c"},
    {file = "cftime-1.6.4-cp38-cp38-macosx_11_0_arm64.whl", hash = "sha256:c05a71389f53d6340cb365b60f028c08268c72401660b9ef76108dee9f1cb5b2"},
    {file = "cftime-1.6.4-cp38-cp38-manylinux_2_17_aarch64.manylinux2014_aarch64.whl", hash = "sha256:0edeb1cb019d8155b2513cffb96749c0d7d459370e69bdf03077e0bee214aed8"},
    {file = "cftime-1.6.4-cp38-cp38-manylinux_2_17_x86_64.manylinux2014_x86_64.whl", hash = "sha256:a8f05d5d6bb4137f9783fa61ad330030fcea8dcc6946dea69a27774edbe480e7"},
    {file = "cftime-1.6.4-cp38-cp38-win_amd64.whl", hash = "sha256:b32ac1278a2a111b066d5a1e6e5ce6f38c4c505993a6a3130873b56f99d7b56f"},
    {file = "cftime-1.6.4-cp39-cp39-macosx_10_9_x86_64.whl", hash = "sha256:c20f03e12af39534c3450bba376272803bfb850b5ce6433c839bfaa99f8d835a"},
    {file = "cftime-1.6.4-cp39-cp39-macosx_11_0_arm64.whl", hash = "sha256:90609b3c1a31a756a68ecdbc961a4ce0b22c1620f166c8dabfa3a4c337ac8b9e"},
    {file = "cftime-1.6.4-cp39-cp39-manylinux_2_17_aarch64.manylinux2014_aarch64.whl", hash = "sha256:bbe11ad73b2a0ddc79995da21459fc2a3fd6b1593ca73f00a60e4d81c3e230f3"},
    {file = "cftime-1.6.4-cp39-cp39-manylinux_2_17_x86_64.manylinux2014_x86_64.whl", hash = "sha256:25f043703e785de0bd7cd8222c0a53317e9aeb3dfc062588b05e6f3ebb007468"},
    {file = "cftime-1.6.4-cp39-cp39-musllinux_1_2_x86_64.whl", hash = "sha256:f9acc272df1022f24fe7dbe9de43fa5d8271985161df14549e4d8d28c90dc9ea"},
    {file = "cftime-1.6.4-cp39-cp39-win_amd64.whl", hash = "sha256:e8467b6fbf8dbfe0be8c04d61180765fdd3b9ab0fe51313a0bbf87e63634a3d8"},
    {file = "cftime-1.6.4.tar.gz", hash = "sha256:e325406193758a7ed67308deb52e727782a19e384e183378e7ff62098be0aedc"},
]

[package.dependencies]
numpy = [
    {version = ">1.13.3", markers = "python_version < \"3.12.0.rc1\""},
    {version = ">=1.26.0b1", markers = "python_version >= \"3.12.0.rc1\""},
]

[[package]]
name = "chardet"
version = "4.0.0"
description = "Universal encoding detector for Python 2 and 3"
optional = false
python-versions = ">=2.7, !=3.0.*, !=3.1.*, !=3.2.*, !=3.3.*, !=3.4.*"
files = [
    {file = "chardet-4.0.0-py2.py3-none-any.whl", hash = "sha256:f864054d66fd9118f2e67044ac8981a54775ec5b67aed0441892edb553d21da5"},
    {file = "chardet-4.0.0.tar.gz", hash = "sha256:0d6f53a15db4120f2b08c94f11e7d93d2c911ee118b6b30a04ec3ee8310179fa"},
]

[[package]]
name = "geojson"
version = "3.1.0"
description = "Python bindings and utilities for GeoJSON"
optional = false
python-versions = ">=3.7"
files = [
    {file = "geojson-3.1.0-py3-none-any.whl", hash = "sha256:68a9771827237adb8c0c71f8527509c8f5bef61733aa434cefc9c9d4f0ebe8f3"},
    {file = "geojson-3.1.0.tar.gz", hash = "sha256:58a7fa40727ea058efc28b0e9ff0099eadf6d0965e04690830208d3ef571adac"},
]

[[package]]
name = "h5py"
version = "3.13.0"
description = "Read and write HDF5 files from Python"
optional = false
python-versions = ">=3.9"
files = [
    {file = "h5py-3.13.0-cp310-cp310-macosx_10_9_x86_64.whl", hash = "sha256:5540daee2b236d9569c950b417f13fd112d51d78b4c43012de05774908dff3f5"},
    {file = "h5py-3.13.0-cp310-cp310-macosx_11_0_arm64.whl", hash = "sha256:10894c55d46df502d82a7a4ed38f9c3fdbcb93efb42e25d275193e093071fade"},
    {file = "h5py-3.13.0-cp310-cp310-manylinux_2_17_aarch64.manylinux2014_aarch64.whl", hash = "sha256:fb267ce4b83f9c42560e9ff4d30f60f7ae492eacf9c7ede849edf8c1b860e16b"},
    {file = "h5py-3.13.0-cp310-cp310-manylinux_2_17_x86_64.manylinux2014_x86_64.whl", hash = "sha256:d2cf6a231a07c14acd504a945a6e9ec115e0007f675bde5e0de30a4dc8d86a31"},
    {file = "h5py-3.13.0-cp310-cp310-win_amd64.whl", hash = "sha256:851ae3a8563d87a5a0dc49c2e2529c75b8842582ccaefbf84297d2cfceeacd61"},
    {file = "h5py-3.13.0-cp311-cp311-macosx_10_9_x86_64.whl", hash = "sha256:8a8e38ef4ceb969f832cc230c0cf808c613cc47e31e768fd7b1106c55afa1cb8"},
    {file = "h5py-3.13.0-cp311-cp311-macosx_11_0_arm64.whl", hash = "sha256:f35640e81b03c02a88b8bf99fb6a9d3023cc52f7c627694db2f379e0028f2868"},
    {file = "h5py-3.13.0-cp311-cp311-manylinux_2_17_aarch64.manylinux2014_aarch64.whl", hash = "sha256:337af114616f3656da0c83b68fcf53ecd9ce9989a700b0883a6e7c483c3235d4"},
    {file = "h5py-3.13.0-cp311-cp311-manylinux_2_17_x86_64.manylinux2014_x86_64.whl", hash = "sha256:782ff0ac39f455f21fd1c8ebc007328f65f43d56718a89327eec76677ebf238a"},
    {file = "h5py-3.13.0-cp311-cp311-win_amd64.whl", hash = "sha256:22ffe2a25770a2d67213a1b94f58006c14dce06933a42d2aaa0318c5868d1508"},
    {file = "h5py-3.13.0-cp312-cp312-macosx_10_13_x86_64.whl", hash = "sha256:477c58307b6b9a2509c59c57811afb9f598aedede24a67da808262dfa0ee37b4"},
    {file = "h5py-3.13.0-cp312-cp312-macosx_11_0_arm64.whl", hash = "sha256:57c4c74f627c616f02b7aec608a8c706fe08cb5b0ba7c08555a4eb1dde20805a"},
    {file = "h5py-3.13.0-cp312-cp312-manylinux_2_17_aarch64.manylinux2014_aarch64.whl", hash = "sha256:357e6dc20b101a805ccfd0024731fbaf6e8718c18c09baf3b5e4e9d198d13fca"},
    {file = "h5py-3.13.0-cp312-cp312-manylinux_2_17_x86_64.manylinux2014_x86_64.whl", hash = "sha256:d6f13f9b5ce549448c01e4dfe08ea8d1772e6078799af2c1c8d09e941230a90d"},
    {file = "h5py-3.13.0-cp312-cp312-win_amd64.whl", hash = "sha256:21daf38171753899b5905f3d82c99b0b1ec2cbbe282a037cad431feb620e62ec"},
    {file = "h5py-3.13.0-cp313-cp313-macosx_10_13_x86_64.whl", hash = "sha256:e520ec76de00943dd017c8ea3f354fa1d2f542eac994811943a8faedf2a7d5cb"},
    {file = "h5py-3.13.0-cp313-cp313-macosx_11_0_arm64.whl", hash = "sha256:e79d8368cd9295045956bfb436656bea3f915beaa11d342e9f79f129f5178763"},
    {file = "h5py-3.13.0-cp313-cp313-manylinux_2_17_aarch64.manylinux2014_aarch64.whl", hash = "sha256:56dd172d862e850823c4af02dc4ddbc308f042b85472ffdaca67f1598dff4a57"},
    {file = "h5py-3.13.0-cp313-cp313-manylinux_2_17_x86_64.manylinux2014_x86_64.whl", hash = "sha256:be949b46b7388074c5acae017fbbe3e5ba303fd9daaa52157fdfef30bbdacadd"},
    {file = "h5py-3.13.0-cp313-cp313-win_amd64.whl", hash = "sha256:4f97ecde7ac6513b21cd95efdfc38dc6d19f96f6ca6f2a30550e94e551458e0a"},
    {file = "h5py-3.13.0-cp39-cp39-macosx_10_9_x86_64.whl", hash = "sha256:82690e89c72b85addf4fc4d5058fb1e387b6c14eb063b0b879bf3f42c3b93c35"},
    {file = "h5py-3.13.0-cp39-cp39-macosx_11_0_arm64.whl", hash = "sha256:d571644958c5e19a61c793d8d23cd02479572da828e333498c9acc463f4a3997"},
    {file = "h5py-3.13.0-cp39-cp39-manylinux_2_17_aarch64.manylinux2014_aarch64.whl", hash = "sha256:560e71220dc92dfa254b10a4dcb12d56b574d2d87e095db20466b32a93fec3f9"},
    {file = "h5py-3.13.0-cp39-cp39-manylinux_2_17_x86_64.manylinux2014_x86_64.whl", hash = "sha256:c10f061764d8dce0a9592ce08bfd5f243a00703325c388f1086037e5d619c5f1"},
    {file = "h5py-3.13.0-cp39-cp39-win_amd64.whl", hash = "sha256:9c82ece71ed1c2b807b6628e3933bc6eae57ea21dac207dca3470e3ceaaf437c"},
    {file = "h5py-3.13.0.tar.gz", hash = "sha256:1870e46518720023da85d0895a1960ff2ce398c5671eac3b1a41ec696b7105c3"},
]

[package.dependencies]
numpy = ">=1.19.3"

[[package]]
name = "idna"
version = "2.10"
description = "Internationalized Domain Names in Applications (IDNA)"
optional = false
python-versions = ">=2.7, !=3.0.*, !=3.1.*, !=3.2.*, !=3.3.*"
files = [
    {file = "idna-2.10-py2.py3-none-any.whl", hash = "sha256:b97d804b1e9b523befed77c48dacec60e6dcb0b5391d57af6a65a312a90648c0"},
    {file = "idna-2.10.tar.gz", hash = "sha256:b307872f855b18632ce0c21c5e45be78c0ea7ae4c15c828c20788b26921eb3f6"},
]

[[package]]
name = "iso8601"
version = "2.1.0"
description = "Simple module to parse ISO 8601 dates"
optional = false
python-versions = ">=3.7,<4.0"
files = [
    {file = "iso8601-2.1.0-py3-none-any.whl", hash = "sha256:aac4145c4dcb66ad8b648a02830f5e2ff6c24af20f4f482689be402db2429242"},
    {file = "iso8601-2.1.0.tar.gz", hash = "sha256:6b1d3829ee8921c4301998c909f7829fa9ed3cbdac0d3b16af2d743aed1ba8df"},
]

[[package]]
name = "json5"
version = "0.9.25"
description = "A Python implementation of the JSON5 data format."
optional = false
python-versions = ">=3.8"
files = [
    {file = "json5-0.9.25-py3-none-any.whl", hash = "sha256:34ed7d834b1341a86987ed52f3f76cd8ee184394906b6e22a1e0deb9ab294e8f"},
    {file = "json5-0.9.25.tar.gz", hash = "sha256:548e41b9be043f9426776f05df8635a00fe06104ea51ed24b67f908856e151ae"},
]

[[package]]
name = "mdba-gauge-getter"
version = "0.5.1"
description = "Facilitates waterflow gauge data ingest from several endpoints. Dependency to several other projects."
optional = false
python-versions = ">=3.7"
files = [
    {file = "mdba_gauge_getter-0.5.1-py3-none-any.whl", hash = "sha256:46bb141853c40b8c18d42dcb6a2df27110bea0385c4fbb0236570c7870ab48a6"},
    {file = "mdba_gauge_getter-0.5.1.tar.gz", hash = "sha256:c03eda767e5af2fd3844456ab9d8e7ad8dc33b58e29d808a365064980d479a05"},
]

[package.dependencies]
bomwater = "*"
pandas = "*"
requests = "*"

[[package]]
name = "netcdf4"
version = "1.6.4"
description = "Provides an object-oriented python interface to the netCDF version 4 library"
optional = false
python-versions = ">=3.7"
files = [
    {file = "netCDF4-1.6.4-cp310-cp310-macosx_10_9_x86_64.whl", hash = "sha256:59eba11eac34f9c7bd209121b26954c71ff69a2eb2838d2ac339b39ea60a95c0"},
    {file = "netCDF4-1.6.4-cp310-cp310-macosx_11_0_arm64.whl", hash = "sha256:541286ce7318033b326da2e4325f08037b561887d5fd25d12c2b0cad74eb1edc"},
    {file = "netCDF4-1.6.4-cp310-cp310-manylinux_2_17_aarch64.manylinux2014_aarch64.whl", hash = "sha256:6620f7962daff02df2fbcbc8f7af53edf21512bc7f5697d846d424a094f96345"},
    {file = "netCDF4-1.6.4-cp310-cp310-manylinux_2_17_i686.manylinux2014_i686.whl", hash = "sha256:2dcf74f7b15ae6105c09df93af22ad61366a288fbb329fdbe3b9606c56c788f5"},
    {file = "netCDF4-1.6.4-cp310-cp310-manylinux_2_17_x86_64.manylinux2014_x86_64.whl", hash = "sha256:b368fc185cac7d8890a8cf1016488cd252a144008144d06a615925b09bf8d67e"},
    {file = "netCDF4-1.6.4-cp310-cp310-win_amd64.whl", hash = "sha256:eb19c51fa090b562be4f87ff736b629ffafc03d7bf1fa10f623f957d49417b4f"},
    {file = "netCDF4-1.6.4-cp311-cp311-macosx_10_9_x86_64.whl", hash = "sha256:08a7efab50d5a4da6227244e544a74f676b732ccdff2b8a4678174c15a3f8dff"},
    {file = "netCDF4-1.6.4-cp311-cp311-macosx_11_0_arm64.whl", hash = "sha256:f9b7ad3f66d50970fa1bd5509c52bb8a99740c8a79fafa83bfd0bc7348b6ab5a"},
    {file = "netCDF4-1.6.4-cp311-cp311-manylinux_2_17_aarch64.manylinux2014_aarch64.whl", hash = "sha256:2c5cad50d4e6e5a3b35c76862c58393ddf93baa44de98b6e040ac21896145881"},
    {file = "netCDF4-1.6.4-cp311-cp311-manylinux_2_17_x86_64.manylinux2014_x86_64.whl", hash = "sha256:1c2395c53a37717b1047650e1c9de68a3d69542bb25df5c594e1e14e9480bb18"},
    {file = "netCDF4-1.6.4-cp311-cp311-win_amd64.whl", hash = "sha256:c85f77599c61a88d512d6536e181ff1c01fd16f4740367e4f8e5cacb36500293"},
    {file = "netCDF4-1.6.4-cp37-cp37m-macosx_10_9_x86_64.whl", hash = "sha256:3e3efefdb9fc936503e89ff5b40b33f2c96527bae1e9672a2d369c5f7cb30bbd"},
    {file = "netCDF4-1.6.4-cp37-cp37m-manylinux_2_17_aarch64.manylinux2014_aarch64.whl", hash = "sha256:74a3e720a9764d13d669763c1f3c73f3f719ef181dccecad062440eea03f069e"},
    {file = "netCDF4-1.6.4-cp37-cp37m-manylinux_2_17_i686.manylinux2014_i686.whl", hash = "sha256:c67bc7fafced3f9370fdef6ce7abe235a771bed7ebe534f4ba3c84d9689dae23"},
    {file = "netCDF4-1.6.4-cp37-cp37m-manylinux_2_17_x86_64.manylinux2014_x86_64.whl", hash = "sha256:b599a3b5c0d0e3affa70d7954c2b0c4ab7d7bdb52b0e413c811da9725982de33"},
    {file = "netCDF4-1.6.4-cp38-cp38-macosx_10_9_x86_64.whl", hash = "sha256:b21d47c23edd02ff83160c8ccc1e4d4946a91d454b246e7f63d7a6d63901707c"},
    {file = "netCDF4-1.6.4-cp38-cp38-macosx_11_0_arm64.whl", hash = "sha256:8eff69acdf250ebaf817cc9bbfb457d241f92f989c7f9cca33eb29985c0f9797"},
    {file = "netCDF4-1.6.4-cp38-cp38-manylinux_2_17_i686.manylinux2014_i686.whl", hash = "sha256:4d6bcdf27fd611eaec891f4281caf5c56bbad6f5fc245ce3e6dd2dc4fc3fad56"},
    {file = "netCDF4-1.6.4-cp38-cp38-manylinux_2_17_x86_64.manylinux2014_x86_64.whl", hash = "sha256:c99a3d476242d489da26f71e318ddd314723ca766f4db11270863a764b107bc3"},
    {file = "netCDF4-1.6.4-cp38-cp38-win_amd64.whl", hash = "sha256:422077c7303cb17cbe8b9ace965cafda1f9d4c9b035809fc5c87091e7ff4d606"},
    {file = "netCDF4-1.6.4-cp39-cp39-macosx_10_9_x86_64.whl", hash = "sha256:0050e49889c357ae0a73f96e2b9988f250396689b78142de88a39ac8b1e702aa"},
    {file = "netCDF4-1.6.4-cp39-cp39-macosx_11_0_arm64.whl", hash = "sha256:0a2cd2e2a9da98f1838e1edfeb011b840a434e04d156052b936ffe49f5298126"},
    {file = "netCDF4-1.6.4-cp39-cp39-manylinux_2_17_aarch64.manylinux2014_aarch64.whl", hash = "sha256:695cd0a40df49b4218350686c44e13b3a4671e53ee33faf7439a89940cbccc68"},
    {file = "netCDF4-1.6.4-cp39-cp39-manylinux_2_17_i686.manylinux2014_i686.whl", hash = "sha256:e582e6e41b27fc3a3296239afe065941bda60118d585df0ad41603f6f962888e"},
    {file = "netCDF4-1.6.4-cp39-cp39-manylinux_2_17_x86_64.manylinux2014_x86_64.whl", hash = "sha256:f7b4ab3f0cd28a6685031e8b9be00c3047b4256da576c9de540440d013a31cea"},
    {file = "netCDF4-1.6.4-cp39-cp39-win_amd64.whl", hash = "sha256:1a950b3d8fcffca05e371a4cb64dc76580375588d1fca43b788192f409108ebe"},
    {file = "netCDF4-1.6.4.tar.gz", hash = "sha256:66da6542cbc7a6045cd1d979397dfd5a3f6c880c76d52b8f98bb108c82ee8c6e"},
]

[package.dependencies]
certifi = "*"
cftime = "*"
numpy = "*"

[[package]]
name = "numpy"
version = "1.26.4"
description = "Fundamental package for array computing in Python"
optional = false
python-versions = ">=3.9"
files = [
    {file = "numpy-1.26.4-cp310-cp310-macosx_10_9_x86_64.whl", hash = "sha256:9ff0f4f29c51e2803569d7a51c2304de5554655a60c5d776e35b4a41413830d0"},
    {file = "numpy-1.26.4-cp310-cp310-macosx_11_0_arm64.whl", hash = "sha256:2e4ee3380d6de9c9ec04745830fd9e2eccb3e6cf790d39d7b98ffd19b0dd754a"},
    {file = "numpy-1.26.4-cp310-cp310-manylinux_2_17_aarch64.manylinux2014_aarch64.whl", hash = "sha256:d209d8969599b27ad20994c8e41936ee0964e6da07478d6c35016bc386b66ad4"},
    {file = "numpy-1.26.4-cp310-cp310-manylinux_2_17_x86_64.manylinux2014_x86_64.whl", hash = "sha256:ffa75af20b44f8dba823498024771d5ac50620e6915abac414251bd971b4529f"},
    {file = "numpy-1.26.4-cp310-cp310-musllinux_1_1_aarch64.whl", hash = "sha256:62b8e4b1e28009ef2846b4c7852046736bab361f7aeadeb6a5b89ebec3c7055a"},
    {file = "numpy-1.26.4-cp310-cp310-musllinux_1_1_x86_64.whl", hash = "sha256:a4abb4f9001ad2858e7ac189089c42178fcce737e4169dc61321660f1a96c7d2"},
    {file = "numpy-1.26.4-cp310-cp310-win32.whl", hash = "sha256:bfe25acf8b437eb2a8b2d49d443800a5f18508cd811fea3181723922a8a82b07"},
    {file = "numpy-1.26.4-cp310-cp310-win_amd64.whl", hash = "sha256:b97fe8060236edf3662adfc2c633f56a08ae30560c56310562cb4f95500022d5"},
    {file = "numpy-1.26.4-cp311-cp311-macosx_10_9_x86_64.whl", hash = "sha256:4c66707fabe114439db9068ee468c26bbdf909cac0fb58686a42a24de1760c71"},
    {file = "numpy-1.26.4-cp311-cp311-macosx_11_0_arm64.whl", hash = "sha256:edd8b5fe47dab091176d21bb6de568acdd906d1887a4584a15a9a96a1dca06ef"},
    {file = "numpy-1.26.4-cp311-cp311-manylinux_2_17_aarch64.manylinux2014_aarch64.whl", hash = "sha256:7ab55401287bfec946ced39700c053796e7cc0e3acbef09993a9ad2adba6ca6e"},
    {file = "numpy-1.26.4-cp311-cp311-manylinux_2_17_x86_64.manylinux2014_x86_64.whl", hash = "sha256:666dbfb6ec68962c033a450943ded891bed2d54e6755e35e5835d63f4f6931d5"},
    {file = "numpy-1.26.4-cp311-cp311-musllinux_1_1_aarch64.whl", hash = "sha256:96ff0b2ad353d8f990b63294c8986f1ec3cb19d749234014f4e7eb0112ceba5a"},
    {file = "numpy-1.26.4-cp311-cp311-musllinux_1_1_x86_64.whl", hash = "sha256:60dedbb91afcbfdc9bc0b1f3f402804070deed7392c23eb7a7f07fa857868e8a"},
    {file = "numpy-1.26.4-cp311-cp311-win32.whl", hash = "sha256:1af303d6b2210eb850fcf03064d364652b7120803a0b872f5211f5234b399f20"},
    {file = "numpy-1.26.4-cp311-cp311-win_amd64.whl", hash = "sha256:cd25bcecc4974d09257ffcd1f098ee778f7834c3ad767fe5db785be9a4aa9cb2"},
    {file = "numpy-1.26.4-cp312-cp312-macosx_10_9_x86_64.whl", hash = "sha256:b3ce300f3644fb06443ee2222c2201dd3a89ea6040541412b8fa189341847218"},
    {file = "numpy-1.26.4-cp312-cp312-macosx_11_0_arm64.whl", hash = "sha256:03a8c78d01d9781b28a6989f6fa1bb2c4f2d51201cf99d3dd875df6fbd96b23b"},
    {file = "numpy-1.26.4-cp312-cp312-manylinux_2_17_aarch64.manylinux2014_aarch64.whl", hash = "sha256:9fad7dcb1aac3c7f0584a5a8133e3a43eeb2fe127f47e3632d43d677c66c102b"},
    {file = "numpy-1.26.4-cp312-cp312-manylinux_2_17_x86_64.manylinux2014_x86_64.whl", hash = "sha256:675d61ffbfa78604709862923189bad94014bef562cc35cf61d3a07bba02a7ed"},
    {file = "numpy-1.26.4-cp312-cp312-musllinux_1_1_aarch64.whl", hash = "sha256:ab47dbe5cc8210f55aa58e4805fe224dac469cde56b9f731a4c098b91917159a"},
    {file = "numpy-1.26.4-cp312-cp312-musllinux_1_1_x86_64.whl", hash = "sha256:1dda2e7b4ec9dd512f84935c5f126c8bd8b9f2fc001e9f54af255e8c5f16b0e0"},
    {file = "numpy-1.26.4-cp312-cp312-win32.whl", hash = "sha256:50193e430acfc1346175fcbdaa28ffec49947a06918b7b92130744e81e640110"},
    {file = "numpy-1.26.4-cp312-cp312-win_amd64.whl", hash = "sha256:08beddf13648eb95f8d867350f6a018a4be2e5ad54c8d8caed89ebca558b2818"},
    {file = "numpy-1.26.4-cp39-cp39-macosx_10_9_x86_64.whl", hash = "sha256:7349ab0fa0c429c82442a27a9673fc802ffdb7c7775fad780226cb234965e53c"},
    {file = "numpy-1.26.4-cp39-cp39-macosx_11_0_arm64.whl", hash = "sha256:52b8b60467cd7dd1e9ed082188b4e6bb35aa5cdd01777621a1658910745b90be"},
    {file = "numpy-1.26.4-cp39-cp39-manylinux_2_17_aarch64.manylinux2014_aarch64.whl", hash = "sha256:d5241e0a80d808d70546c697135da2c613f30e28251ff8307eb72ba696945764"},
    {file = "numpy-1.26.4-cp39-cp39-manylinux_2_17_x86_64.manylinux2014_x86_64.whl", hash = "sha256:f870204a840a60da0b12273ef34f7051e98c3b5961b61b0c2c1be6dfd64fbcd3"},
    {file = "numpy-1.26.4-cp39-cp39-musllinux_1_1_aarch64.whl", hash = "sha256:679b0076f67ecc0138fd2ede3a8fd196dddc2ad3254069bcb9faf9a79b1cebcd"},
    {file = "numpy-1.26.4-cp39-cp39-musllinux_1_1_x86_64.whl", hash = "sha256:47711010ad8555514b434df65f7d7b076bb8261df1ca9bb78f53d3b2db02e95c"},
    {file = "numpy-1.26.4-cp39-cp39-win32.whl", hash = "sha256:a354325ee03388678242a4d7ebcd08b5c727033fcff3b2f536aea978e15ee9e6"},
    {file = "numpy-1.26.4-cp39-cp39-win_amd64.whl", hash = "sha256:3373d5d70a5fe74a2c1bb6d2cfd9609ecf686d47a2d7b1d37a8f3b6bf6003aea"},
    {file = "numpy-1.26.4-pp39-pypy39_pp73-macosx_10_9_x86_64.whl", hash = "sha256:afedb719a9dcfc7eaf2287b839d8198e06dcd4cb5d276a3df279231138e83d30"},
    {file = "numpy-1.26.4-pp39-pypy39_pp73-manylinux_2_17_x86_64.manylinux2014_x86_64.whl", hash = "sha256:95a7476c59002f2f6c590b9b7b998306fba6a5aa646b1e22ddfeaf8f78c3a29c"},
    {file = "numpy-1.26.4-pp39-pypy39_pp73-win_amd64.whl", hash = "sha256:7e50d0a0cc3189f9cb0aeb3a6a6af18c16f59f004b866cd2be1c14b36134a4a0"},
    {file = "numpy-1.26.4.tar.gz", hash = "sha256:2a02aba9ed12e4ac4eb3ea9421c420301a0c6460d9830d74a9df87efa4912010"},
]

[[package]]
name = "packaging"
version = "24.1"
description = "Core utilities for Python packages"
optional = false
python-versions = ">=3.8"
files = [
    {file = "packaging-24.1-py3-none-any.whl", hash = "sha256:5b8f2217dbdbd2f7f384c41c628544e6d52f2d0f53c6d0c3ea61aa5d1d7ff124"},
    {file = "packaging-24.1.tar.gz", hash = "sha256:026ed72c8ed3fcce5bf8950572258698927fd1dbda10a5e981cdf0ac37f4f002"},
]

[[package]]
name = "pandas"
version = "2.0.3"
description = "Powerful data structures for data analysis, time series, and statistics"
optional = false
python-versions = ">=3.8"
files = [
    {file = "pandas-2.0.3-cp310-cp310-macosx_10_9_x86_64.whl", hash = "sha256:e4c7c9f27a4185304c7caf96dc7d91bc60bc162221152de697c98eb0b2648dd8"},
    {file = "pandas-2.0.3-cp310-cp310-macosx_11_0_arm64.whl", hash = "sha256:f167beed68918d62bffb6ec64f2e1d8a7d297a038f86d4aed056b9493fca407f"},
    {file = "pandas-2.0.3-cp310-cp310-manylinux_2_17_aarch64.manylinux2014_aarch64.whl", hash = "sha256:ce0c6f76a0f1ba361551f3e6dceaff06bde7514a374aa43e33b588ec10420183"},
    {file = "pandas-2.0.3-cp310-cp310-manylinux_2_17_x86_64.manylinux2014_x86_64.whl", hash = "sha256:ba619e410a21d8c387a1ea6e8a0e49bb42216474436245718d7f2e88a2f8d7c0"},
    {file = "pandas-2.0.3-cp310-cp310-win32.whl", hash = "sha256:3ef285093b4fe5058eefd756100a367f27029913760773c8bf1d2d8bebe5d210"},
    {file = "pandas-2.0.3-cp310-cp310-win_amd64.whl", hash = "sha256:9ee1a69328d5c36c98d8e74db06f4ad518a1840e8ccb94a4ba86920986bb617e"},
    {file = "pandas-2.0.3-cp311-cp311-macosx_10_9_x86_64.whl", hash = "sha256:b084b91d8d66ab19f5bb3256cbd5ea661848338301940e17f4492b2ce0801fe8"},
    {file = "pandas-2.0.3-cp311-cp311-macosx_11_0_arm64.whl", hash = "sha256:37673e3bdf1551b95bf5d4ce372b37770f9529743d2498032439371fc7b7eb26"},
    {file = "pandas-2.0.3-cp311-cp311-manylinux_2_17_aarch64.manylinux2014_aarch64.whl", hash = "sha256:b9cb1e14fdb546396b7e1b923ffaeeac24e4cedd14266c3497216dd4448e4f2d"},
    {file = "pandas-2.0.3-cp311-cp311-manylinux_2_17_x86_64.manylinux2014_x86_64.whl", hash = "sha256:d9cd88488cceb7635aebb84809d087468eb33551097d600c6dad13602029c2df"},
    {file = "pandas-2.0.3-cp311-cp311-win32.whl", hash = "sha256:694888a81198786f0e164ee3a581df7d505024fbb1f15202fc7db88a71d84ebd"},
    {file = "pandas-2.0.3-cp311-cp311-win_amd64.whl", hash = "sha256:6a21ab5c89dcbd57f78d0ae16630b090eec626360085a4148693def5452d8a6b"},
    {file = "pandas-2.0.3-cp38-cp38-macosx_10_9_x86_64.whl", hash = "sha256:9e4da0d45e7f34c069fe4d522359df7d23badf83abc1d1cef398895822d11061"},
    {file = "pandas-2.0.3-cp38-cp38-macosx_11_0_arm64.whl", hash = "sha256:32fca2ee1b0d93dd71d979726b12b61faa06aeb93cf77468776287f41ff8fdc5"},
    {file = "pandas-2.0.3-cp38-cp38-manylinux_2_17_aarch64.manylinux2014_aarch64.whl", hash = "sha256:258d3624b3ae734490e4d63c430256e716f488c4fcb7c8e9bde2d3aa46c29089"},
    {file = "pandas-2.0.3-cp38-cp38-manylinux_2_17_x86_64.manylinux2014_x86_64.whl", hash = "sha256:9eae3dc34fa1aa7772dd3fc60270d13ced7346fcbcfee017d3132ec625e23bb0"},
    {file = "pandas-2.0.3-cp38-cp38-win32.whl", hash = "sha256:f3421a7afb1a43f7e38e82e844e2bca9a6d793d66c1a7f9f0ff39a795bbc5e02"},
    {file = "pandas-2.0.3-cp38-cp38-win_amd64.whl", hash = "sha256:69d7f3884c95da3a31ef82b7618af5710dba95bb885ffab339aad925c3e8ce78"},
    {file = "pandas-2.0.3-cp39-cp39-macosx_10_9_x86_64.whl", hash = "sha256:5247fb1ba347c1261cbbf0fcfba4a3121fbb4029d95d9ef4dc45406620b25c8b"},
    {file = "pandas-2.0.3-cp39-cp39-macosx_11_0_arm64.whl", hash = "sha256:81af086f4543c9d8bb128328b5d32e9986e0c84d3ee673a2ac6fb57fd14f755e"},
    {file = "pandas-2.0.3-cp39-cp39-manylinux_2_17_aarch64.manylinux2014_aarch64.whl", hash = "sha256:1994c789bf12a7c5098277fb43836ce090f1073858c10f9220998ac74f37c69b"},
    {file = "pandas-2.0.3-cp39-cp39-manylinux_2_17_x86_64.manylinux2014_x86_64.whl", hash = "sha256:5ec591c48e29226bcbb316e0c1e9423622bc7a4eaf1ef7c3c9fa1a3981f89641"},
    {file = "pandas-2.0.3-cp39-cp39-win32.whl", hash = "sha256:04dbdbaf2e4d46ca8da896e1805bc04eb85caa9a82e259e8eed00254d5e0c682"},
    {file = "pandas-2.0.3-cp39-cp39-win_amd64.whl", hash = "sha256:1168574b036cd8b93abc746171c9b4f1b83467438a5e45909fed645cf8692dbc"},
    {file = "pandas-2.0.3.tar.gz", hash = "sha256:c02f372a88e0d17f36d3093a644c73cfc1788e876a7c4bcb4020a77512e2043c"},
]

[package.dependencies]
numpy = [
    {version = ">=1.21.0", markers = "python_version >= \"3.10\""},
    {version = ">=1.23.2", markers = "python_version >= \"3.11\""},
]
python-dateutil = ">=2.8.2"
pytz = ">=2020.1"
tzdata = ">=2022.1"

[package.extras]
all = ["PyQt5 (>=5.15.1)", "SQLAlchemy (>=1.4.16)", "beautifulsoup4 (>=4.9.3)", "bottleneck (>=1.3.2)", "brotlipy (>=0.7.0)", "fastparquet (>=0.6.3)", "fsspec (>=2021.07.0)", "gcsfs (>=2021.07.0)", "html5lib (>=1.1)", "hypothesis (>=6.34.2)", "jinja2 (>=3.0.0)", "lxml (>=4.6.3)", "matplotlib (>=3.6.1)", "numba (>=0.53.1)", "numexpr (>=2.7.3)", "odfpy (>=1.4.1)", "openpyxl (>=3.0.7)", "pandas-gbq (>=0.15.0)", "psycopg2 (>=2.8.6)", "pyarrow (>=7.0.0)", "pymysql (>=1.0.2)", "pyreadstat (>=1.1.2)", "pytest (>=7.3.2)", "pytest-asyncio (>=0.17.0)", "pytest-xdist (>=2.2.0)", "python-snappy (>=0.6.0)", "pyxlsb (>=1.0.8)", "qtpy (>=2.2.0)", "s3fs (>=2021.08.0)", "scipy (>=1.7.1)", "tables (>=3.6.1)", "tabulate (>=0.8.9)", "xarray (>=0.21.0)", "xlrd (>=2.0.1)", "xlsxwriter (>=1.4.3)", "zstandard (>=0.15.2)"]
aws = ["s3fs (>=2021.08.0)"]
clipboard = ["PyQt5 (>=5.15.1)", "qtpy (>=2.2.0)"]
compression = ["brotlipy (>=0.7.0)", "python-snappy (>=0.6.0)", "zstandard (>=0.15.2)"]
computation = ["scipy (>=1.7.1)", "xarray (>=0.21.0)"]
excel = ["odfpy (>=1.4.1)", "openpyxl (>=3.0.7)", "pyxlsb (>=1.0.8)", "xlrd (>=2.0.1)", "xlsxwriter (>=1.4.3)"]
feather = ["pyarrow (>=7.0.0)"]
fss = ["fsspec (>=2021.07.0)"]
gcp = ["gcsfs (>=2021.07.0)", "pandas-gbq (>=0.15.0)"]
hdf5 = ["tables (>=3.6.1)"]
html = ["beautifulsoup4 (>=4.9.3)", "html5lib (>=1.1)", "lxml (>=4.6.3)"]
mysql = ["SQLAlchemy (>=1.4.16)", "pymysql (>=1.0.2)"]
output-formatting = ["jinja2 (>=3.0.0)", "tabulate (>=0.8.9)"]
parquet = ["pyarrow (>=7.0.0)"]
performance = ["bottleneck (>=1.3.2)", "numba (>=0.53.1)", "numexpr (>=2.7.1)"]
plot = ["matplotlib (>=3.6.1)"]
postgresql = ["SQLAlchemy (>=1.4.16)", "psycopg2 (>=2.8.6)"]
spss = ["pyreadstat (>=1.1.2)"]
sql-other = ["SQLAlchemy (>=1.4.16)"]
test = ["hypothesis (>=6.34.2)", "pytest (>=7.3.2)", "pytest-asyncio (>=0.17.0)", "pytest-xdist (>=2.2.0)"]
xml = ["lxml (>=4.6.3)"]

[[package]]
name = "py-ewr"
version = "2.3.7"
description = "Environmental Water Requirement calculator"
optional = false
python-versions = "*"
files = [
    {file = "py_ewr-2.3.7-py3-none-any.whl", hash = "sha256:2a829ac17b6c4d43861ee3a8c5bebf689a3313cd05c3ff9b22d095f55d6a567c"},
    {file = "py_ewr-2.3.7.tar.gz", hash = "sha256:4d405128ff773f008a53bb5213e9d8193da6a98863f65fdabc3e158508367855"},
]

[package.dependencies]
cachetools = ">5"
h5py = "*"
mdba-gauge-getter = "0.5.1"
netCDF4 = "*"
numpy = "<2"
pandas = ">2"
requests = ">2"
xarray = "*"

[[package]]
name = "python-dateutil"
version = "2.9.0.post0"
description = "Extensions to the standard Python datetime module"
optional = false
python-versions = "!=3.0.*,!=3.1.*,!=3.2.*,>=2.7"
files = [
    {file = "python-dateutil-2.9.0.post0.tar.gz", hash = "sha256:37dd54208da7e1cd875388217d5e00ebd4179249f90fb72437e91a35459a0ad3"},
    {file = "python_dateutil-2.9.0.post0-py2.py3-none-any.whl", hash = "sha256:a8b2bc7bffae282281c8140a97d3aa9c14da0b136dfe83f850eea9a5f7470427"},
]

[package.dependencies]
six = ">=1.5"

[[package]]
name = "pytz"
version = "2024.1"
description = "World timezone definitions, modern and historical"
optional = false
python-versions = "*"
files = [
    {file = "pytz-2024.1-py2.py3-none-any.whl", hash = "sha256:328171f4e3623139da4983451950b28e95ac706e13f3f2630a879749e7a8b319"},
    {file = "pytz-2024.1.tar.gz", hash = "sha256:2a29735ea9c18baf14b448846bde5a48030ed267578472d8955cd0e7443a9812"},
]

[[package]]
name = "requests"
version = "2.25.1"
description = "Python HTTP for Humans."
optional = false
python-versions = ">=2.7, !=3.0.*, !=3.1.*, !=3.2.*, !=3.3.*, !=3.4.*"
files = [
    {file = "requests-2.25.1-py2.py3-none-any.whl", hash = "sha256:c210084e36a42ae6b9219e00e48287def368a26d03a048ddad7bfee44f75871e"},
    {file = "requests-2.25.1.tar.gz", hash = "sha256:27973dd4a904a4f13b263a19c866c13b92a39ed1c964655f025f3f8d3d75b804"},
]

[package.dependencies]
certifi = ">=2017.4.17"
chardet = ">=3.0.2,<5"
idna = ">=2.5,<3"
urllib3 = ">=1.21.1,<1.27"

[package.extras]
security = ["cryptography (>=1.3.4)", "pyOpenSSL (>=0.14)"]
socks = ["PySocks (>=1.5.6,!=1.5.7)", "win-inet-pton"]

[[package]]
name = "shapely"
version = "2.0.6"
description = "Manipulation and analysis of geometric objects"
optional = false
python-versions = ">=3.7"
files = [
    {file = "shapely-2.0.6-cp310-cp310-macosx_10_9_x86_64.whl", hash = "sha256:29a34e068da2d321e926b5073539fd2a1d4429a2c656bd63f0bd4c8f5b236d0b"},
    {file = "shapely-2.0.6-cp310-cp310-macosx_11_0_arm64.whl", hash = "sha256:e1c84c3f53144febf6af909d6b581bc05e8785d57e27f35ebaa5c1ab9baba13b"},
    {file = "shapely-2.0.6-cp310-cp310-manylinux_2_17_aarch64.manylinux2014_aarch64.whl", hash = "sha256:2ad2fae12dca8d2b727fa12b007e46fbc522148a584f5d6546c539f3464dccde"},
    {file = "shapely-2.0.6-cp310-cp310-manylinux_2_17_x86_64.manylinux2014_x86_64.whl", hash = "sha256:b3304883bd82d44be1b27a9d17f1167fda8c7f5a02a897958d86c59ec69b705e"},
    {file = "shapely-2.0.6-cp310-cp310-win32.whl", hash = "sha256:3ec3a0eab496b5e04633a39fa3d5eb5454628228201fb24903d38174ee34565e"},
    {file = "shapely-2.0.6-cp310-cp310-win_amd64.whl", hash = "sha256:28f87cdf5308a514763a5c38de295544cb27429cfa655d50ed8431a4796090c4"},
    {file = "shapely-2.0.6-cp311-cp311-macosx_10_9_x86_64.whl", hash = "sha256:5aeb0f51a9db176da9a30cb2f4329b6fbd1e26d359012bb0ac3d3c7781667a9e"},
    {file = "shapely-2.0.6-cp311-cp311-macosx_11_0_arm64.whl", hash = "sha256:9a7a78b0d51257a367ee115f4d41ca4d46edbd0dd280f697a8092dd3989867b2"},
    {file = "shapely-2.0.6-cp311-cp311-manylinux_2_17_aarch64.manylinux2014_aarch64.whl", hash = "sha256:f32c23d2f43d54029f986479f7c1f6e09c6b3a19353a3833c2ffb226fb63a855"},
    {file = "shapely-2.0.6-cp311-cp311-manylinux_2_17_x86_64.manylinux2014_x86_64.whl", hash = "sha256:b3dc9fb0eb56498912025f5eb352b5126f04801ed0e8bdbd867d21bdbfd7cbd0"},
    {file = "shapely-2.0.6-cp311-cp311-win32.whl", hash = "sha256:d93b7e0e71c9f095e09454bf18dad5ea716fb6ced5df3cb044564a00723f339d"},
    {file = "shapely-2.0.6-cp311-cp311-win_amd64.whl", hash = "sha256:c02eb6bf4cfb9fe6568502e85bb2647921ee49171bcd2d4116c7b3109724ef9b"},
    {file = "shapely-2.0.6-cp312-cp312-macosx_10_9_x86_64.whl", hash = "sha256:cec9193519940e9d1b86a3b4f5af9eb6910197d24af02f247afbfb47bcb3fab0"},
    {file = "shapely-2.0.6-cp312-cp312-macosx_11_0_arm64.whl", hash = "sha256:83b94a44ab04a90e88be69e7ddcc6f332da7c0a0ebb1156e1c4f568bbec983c3"},
    {file = "shapely-2.0.6-cp312-cp312-manylinux_2_17_aarch64.manylinux2014_aarch64.whl", hash = "sha256:537c4b2716d22c92036d00b34aac9d3775e3691f80c7aa517c2c290351f42cd8"},
    {file = "shapely-2.0.6-cp312-cp312-manylinux_2_17_x86_64.manylinux2014_x86_64.whl", hash = "sha256:98fea108334be345c283ce74bf064fa00cfdd718048a8af7343c59eb40f59726"},
    {file = "shapely-2.0.6-cp312-cp312-win32.whl", hash = "sha256:42fd4cd4834747e4990227e4cbafb02242c0cffe9ce7ef9971f53ac52d80d55f"},
    {file = "shapely-2.0.6-cp312-cp312-win_amd64.whl", hash = "sha256:665990c84aece05efb68a21b3523a6b2057e84a1afbef426ad287f0796ef8a48"},
    {file = "shapely-2.0.6-cp313-cp313-macosx_10_13_x86_64.whl", hash = "sha256:42805ef90783ce689a4dde2b6b2f261e2c52609226a0438d882e3ced40bb3013"},
    {file = "shapely-2.0.6-cp313-cp313-macosx_11_0_arm64.whl", hash = "sha256:6d2cb146191a47bd0cee8ff5f90b47547b82b6345c0d02dd8b25b88b68af62d7"},
    {file = "shapely-2.0.6-cp313-cp313-manylinux_2_17_aarch64.manylinux2014_aarch64.whl", hash = "sha256:e3fdef0a1794a8fe70dc1f514440aa34426cc0ae98d9a1027fb299d45741c381"},
    {file = "shapely-2.0.6-cp313-cp313-manylinux_2_17_x86_64.manylinux2014_x86_64.whl", hash = "sha256:2c665a0301c645615a107ff7f52adafa2153beab51daf34587170d85e8ba6805"},
    {file = "shapely-2.0.6-cp313-cp313-win32.whl", hash = "sha256:0334bd51828f68cd54b87d80b3e7cee93f249d82ae55a0faf3ea21c9be7b323a"},
    {file = "shapely-2.0.6-cp313-cp313-win_amd64.whl", hash = "sha256:d37d070da9e0e0f0a530a621e17c0b8c3c9d04105655132a87cfff8bd77cc4c2"},
    {file = "shapely-2.0.6-cp37-cp37m-macosx_10_9_x86_64.whl", hash = "sha256:fa7468e4f5b92049c0f36d63c3e309f85f2775752e076378e36c6387245c5462"},
    {file = "shapely-2.0.6-cp37-cp37m-manylinux_2_17_aarch64.manylinux2014_aarch64.whl", hash = "sha256:ed5867e598a9e8ac3291da6cc9baa62ca25706eea186117034e8ec0ea4355653"},
    {file = "shapely-2.0.6-cp37-cp37m-manylinux_2_17_x86_64.manylinux2014_x86_64.whl", hash = "sha256:81d9dfe155f371f78c8d895a7b7f323bb241fb148d848a2bf2244f79213123fe"},
    {file = "shapely-2.0.6-cp37-cp37m-win32.whl", hash = "sha256:fbb7bf02a7542dba55129062570211cfb0defa05386409b3e306c39612e7fbcc"},
    {file = "shapely-2.0.6-cp37-cp37m-win_amd64.whl", hash = "sha256:837d395fac58aa01aa544495b97940995211e3e25f9aaf87bc3ba5b3a8cd1ac7"},
    {file = "shapely-2.0.6-cp38-cp38-macosx_10_9_x86_64.whl", hash = "sha256:c6d88ade96bf02f6bfd667ddd3626913098e243e419a0325ebef2bbd481d1eb6"},
    {file = "shapely-2.0.6-cp38-cp38-macosx_11_0_arm64.whl", hash = "sha256:8b3b818c4407eaa0b4cb376fd2305e20ff6df757bf1356651589eadc14aab41b"},
    {file = "shapely-2.0.6-cp38-cp38-manylinux_2_17_aarch64.manylinux2014_aarch64.whl", hash = "sha256:1bbc783529a21f2bd50c79cef90761f72d41c45622b3e57acf78d984c50a5d13"},
    {file = "shapely-2.0.6-cp38-cp38-manylinux_2_17_x86_64.manylinux2014_x86_64.whl", hash = "sha256:2423f6c0903ebe5df6d32e0066b3d94029aab18425ad4b07bf98c3972a6e25a1"},
    {file = "shapely-2.0.6-cp38-cp38-win32.whl", hash = "sha256:2de00c3bfa80d6750832bde1d9487e302a6dd21d90cb2f210515cefdb616e5f5"},
    {file = "shapely-2.0.6-cp38-cp38-win_amd64.whl", hash = "sha256:3a82d58a1134d5e975f19268710e53bddd9c473743356c90d97ce04b73e101ee"},
    {file = "shapely-2.0.6-cp39-cp39-macosx_10_9_x86_64.whl", hash = "sha256:392f66f458a0a2c706254f473290418236e52aa4c9b476a072539d63a2460595"},
    {file = "shapely-2.0.6-cp39-cp39-macosx_11_0_arm64.whl", hash = "sha256:eba5bae271d523c938274c61658ebc34de6c4b33fdf43ef7e938b5776388c1be"},
    {file = "shapely-2.0.6-cp39-cp39-manylinux_2_17_aarch64.manylinux2014_aarch64.whl", hash = "sha256:7060566bc4888b0c8ed14b5d57df8a0ead5c28f9b69fb6bed4476df31c51b0af"},
    {file = "shapely-2.0.6-cp39-cp39-manylinux_2_17_x86_64.manylinux2014_x86_64.whl", hash = "sha256:b02154b3e9d076a29a8513dffcb80f047a5ea63c897c0cd3d3679f29363cf7e5"},
    {file = "shapely-2.0.6-cp39-cp39-win32.whl", hash = "sha256:44246d30124a4f1a638a7d5419149959532b99dfa25b54393512e6acc9c211ac"},
    {file = "shapely-2.0.6-cp39-cp39-win_amd64.whl", hash = "sha256:2b542d7f1dbb89192d3512c52b679c822ba916f93479fa5d4fc2fe4fa0b3c9e8"},
    {file = "shapely-2.0.6.tar.gz", hash = "sha256:997f6159b1484059ec239cacaa53467fd8b5564dabe186cd84ac2944663b0bf6"},
]

[package.dependencies]
numpy = ">=1.14,<3"

[package.extras]
docs = ["matplotlib", "numpydoc (==1.1.*)", "sphinx", "sphinx-book-theme", "sphinx-remove-toctrees"]
test = ["pytest", "pytest-cov"]

[[package]]
name = "six"
version = "1.16.0"
description = "Python 2 and 3 compatibility utilities"
optional = false
python-versions = ">=2.7, !=3.0.*, !=3.1.*, !=3.2.*"
files = [
    {file = "six-1.16.0-py2.py3-none-any.whl", hash = "sha256:8abb2f1d86890a2dfb989f9a77cfcfd3e47c2a354b01111771326f8aa26e0254"},
    {file = "six-1.16.0.tar.gz", hash = "sha256:1e61c37477a1626458e36f7b1d82aa5c9b094fa4802892072e49de9c60c4c926"},
]

[[package]]
name = "tzdata"
version = "2024.1"
description = "Provider of IANA time zone data"
optional = false
python-versions = ">=2"
files = [
    {file = "tzdata-2024.1-py2.py3-none-any.whl", hash = "sha256:9068bc196136463f5245e51efda838afa15aaeca9903f49050dfa2679db4d252"},
    {file = "tzdata-2024.1.tar.gz", hash = "sha256:2674120f8d891909751c38abcdfd386ac0a5a1127954fbc332af6b5ceae07efd"},
]

[[package]]
name = "urllib3"
version = "1.26.19"
description = "HTTP library with thread-safe connection pooling, file post, and more."
optional = false
python-versions = "!=3.0.*,!=3.1.*,!=3.2.*,!=3.3.*,!=3.4.*,!=3.5.*,>=2.7"
files = [
    {file = "urllib3-1.26.19-py2.py3-none-any.whl", hash = "sha256:37a0344459b199fce0e80b0d3569837ec6b6937435c5244e7fd73fa6006830f3"},
    {file = "urllib3-1.26.19.tar.gz", hash = "sha256:3e3d753a8618b86d7de333b4223005f68720bcd6a7d2bcb9fbd2229ec7c1e429"},
]

[package.extras]
brotli = ["brotli (==1.0.9)", "brotli (>=1.0.9)", "brotlicffi (>=0.8.0)", "brotlipy (>=0.6.0)"]
secure = ["certifi", "cryptography (>=1.3.4)", "idna (>=2.0.0)", "ipaddress", "pyOpenSSL (>=0.14)", "urllib3-secure-extra"]
socks = ["PySocks (>=1.5.6,!=1.5.7,<2.0)"]

[[package]]
name = "xarray"
version = "2023.1.0"
description = "N-D labeled arrays and datasets in Python"
optional = false
python-versions = ">=3.8"
files = [
    {file = "xarray-2023.1.0-py3-none-any.whl", hash = "sha256:7e530b1deafdd43e5c2b577d0944e6b528fbe88045fd849e49a8d11871ecd522"},
    {file = "xarray-2023.1.0.tar.gz", hash = "sha256:7bee552751ff1b29dab8b7715726e5ecb56691ac54593cf4881dff41978ce0cd"},
]

[package.dependencies]
numpy = ">=1.20"
packaging = ">=21.3"
pandas = ">=1.3"

[package.extras]
accel = ["bottleneck", "flox", "numbagg", "scipy"]
complete = ["bottleneck", "cfgrib", "cftime", "dask[complete]", "flox", "fsspec", "h5netcdf", "matplotlib", "nc-time-axis", "netCDF4", "numbagg", "pooch", "pydap", "rasterio", "scipy", "seaborn", "zarr"]
docs = ["bottleneck", "cfgrib", "cftime", "dask[complete]", "flox", "fsspec", "h5netcdf", "ipykernel", "ipython", "jupyter-client", "matplotlib", "nbsphinx", "nc-time-axis", "netCDF4", "numbagg", "pooch", "pydap", "rasterio", "scanpydoc", "scipy", "seaborn", "sphinx-autosummary-accessors", "sphinx-rtd-theme", "zarr"]
io = ["cfgrib", "cftime", "fsspec", "h5netcdf", "netCDF4", "pooch", "pydap", "rasterio", "scipy", "zarr"]
parallel = ["dask[complete]"]
viz = ["matplotlib", "nc-time-axis", "seaborn"]

[[package]]
name = "xmltodict"
version = "0.13.0"
description = "Makes working with XML feel like you are working with JSON"
optional = false
python-versions = ">=3.4"
files = [
    {file = "xmltodict-0.13.0-py2.py3-none-any.whl", hash = "sha256:aa89e8fd76320154a40d19a0df04a4695fb9dc5ba977cbb68ab3e4eb225e7852"},
    {file = "xmltodict-0.13.0.tar.gz", hash = "sha256:341595a488e3e01a85a9d8911d8912fd922ede5fecc4dce437eb4b6c8d037e56"},
]

[metadata]
lock-version = "2.0"
python-versions = "^3.11"
content-hash = "4b6fb6d1a6eec951886a321938a4d153b80759a6c5e6cdf1ed8015ac8f653190"
